
Microsoft Visual Studio Solution File, Format Version 12.00
# Visual Studio Version 17
VisualStudioVersion = 17.2.32516.85
MinimumVisualStudioVersion = 10.0.40219.1
Project("{8BC9CEB8-8B4A-11D0-8D11-00A0C91BC942}") = "polinomSorusu", "polinomSorusu.vcxproj", "{2D8CA079-9932-4566-AAA2-35E35F753A02}"
EndProject
Global
	GlobalSection(SolutionConfigurationPlatforms) = preSolution
		Debug|x64 = Debug|x64
		Debug|x86 = Debug|x86
		Release|x64 = Release|x64
		Release|x86 = Release|x86
	EndGlobalSection
	GlobalSection(ProjectConfigurationPlatforms) = postSolution
		{2D8CA079-9932-4566-AAA2-35E35F753A02}.Debug|x64.ActiveCfg = Debug|x64
		{2D8CA079-9932-4566-AAA2-35E35F753A02}.Debug|x64.Build.0 = Debug|x64
		{2D8CA079-9932-4566-AAA2-35E35F753A02}.Debug|x86.ActiveCfg = Debug|Win32
		{2D8CA079-9932-4566-AAA2-35E35F753A02}.Debug|x86.Build.0 = Debug|Win32
		{2D8CA079-9932-4566-AAA2-35E35F753A02}.Release|x64.ActiveCfg = Release|x64
		{2D8CA079-9932-4566-AAA2-35E35F753A02}.Release|x64.Build.0 = Release|x64
		{2D8CA079-9932-4566-AAA2-35E35F753A02}.Release|x86.ActiveCfg = Release|Win32
		{2D8CA079-9932-4566-AAA2-35E35F753A02}.Release|x86.Build.0 = Release|Win32
	EndGlobalSection
	GlobalSection(SolutionProperties) = preSolution
		HideSolutionNode = FALSE
	EndGlobalSection
	GlobalSection(ExtensibilityGlobals) = postSolution
		SolutionGuid = {BB50DA96-7753-4B3A-8028-3B737F5710E0}
	EndGlobalSection
EndGlobal
